# This file is automatically @generated by Poetry 1.8.4 and should not be changed by hand.

[[package]]
name = "cupy-cuda12x"
version = "13.3.0"
description = "CuPy: NumPy & SciPy for GPU"
optional = false
python-versions = ">=3.9"
files = [
    {file = "cupy_cuda12x-13.3.0-cp310-cp310-manylinux2014_aarch64.whl", hash = "sha256:674488e990998042cc54d2486d3c37cae80a12ba3787636be5a10b9446dd6914"},
    {file = "cupy_cuda12x-13.3.0-cp310-cp310-manylinux2014_x86_64.whl", hash = "sha256:cf4a2a0864364715881b50012927e88bd7ec1e6f1de3987970870861ae5ed25e"},
    {file = "cupy_cuda12x-13.3.0-cp310-cp310-win_amd64.whl", hash = "sha256:7c0dc8c49d271d1c03e49a5d6c8e42e8fee3114b10f269a5ecc387731d693eaa"},
    {file = "cupy_cuda12x-13.3.0-cp311-cp311-manylinux2014_aarch64.whl", hash = "sha256:c0cc095b9a3835fd5db66c45ed3c58ecdc5a3bb14e53e1defbfd4a0ce5c8ecdb"},
    {file = "cupy_cuda12x-13.3.0-cp311-cp311-manylinux2014_x86_64.whl", hash = "sha256:a0e3bead04e502ebde515f0343444ca3f4f7aed09cbc3a316a946cba97f2ea66"},
    {file = "cupy_cuda12x-13.3.0-cp311-cp311-win_amd64.whl", hash = "sha256:5f11df1149c7219858b27e4c8be92cb4eaf7364c94af6b78c40dffb98050a61f"},
    {file = "cupy_cuda12x-13.3.0-cp312-cp312-manylinux2014_aarch64.whl", hash = "sha256:bbd0d916310391faf0d7dc9c58fff7a6dc996b67e5768199160bbceb5ebdda8c"},
    {file = "cupy_cuda12x-13.3.0-cp312-cp312-manylinux2014_x86_64.whl", hash = "sha256:e206bd8664f0763732b6012431f484ee535bffd77a5ae95e9bfe1c7c72396625"},
    {file = "cupy_cuda12x-13.3.0-cp312-cp312-win_amd64.whl", hash = "sha256:88ef1478f00ae252da0026e7f04f70c9bb6a2dc130ba5f1e5bc5e8069a928bf5"},
    {file = "cupy_cuda12x-13.3.0-cp39-cp39-manylinux2014_aarch64.whl", hash = "sha256:3a52aa49ffcc940d034f2bb39728c90e9fa83c7a49e376404507956adb6d6ec4"},
    {file = "cupy_cuda12x-13.3.0-cp39-cp39-manylinux2014_x86_64.whl", hash = "sha256:3ef13f3cbc449d2a0f816594ab1fa0236e1f06ad1eaa81ad04c75e47cbeb87be"},
    {file = "cupy_cuda12x-13.3.0-cp39-cp39-win_amd64.whl", hash = "sha256:8f5433eec3e5cd8d39e8fcb82e0fdab7c22eba8e3304fcb0b42f2ea988fef0d6"},
]

[package.dependencies]
fastrlock = ">=0.5"
numpy = ">=1.22,<2.3"

[package.extras]
all = ["Cython (>=0.29.22,<3)", "optuna (>=2.0)", "scipy (>=1.7,<1.14)"]
stylecheck = ["autopep8 (==1.5.5)", "flake8 (==3.8.4)", "mypy (==1.4.1)", "pbr (==5.5.1)", "pycodestyle (==2.6.0)", "types-setuptools (==57.4.14)"]
test = ["hypothesis (>=6.37.2,<6.55.0)", "mpmath", "packaging", "pytest (>=7.2)"]

[[package]]
name = "fastrlock"
version = "0.8.2"
description = "Fast, re-entrant optimistic lock implemented in Cython"
optional = false
python-versions = "*"
files = [
    {file = "fastrlock-0.8.2-cp27-cp27m-macosx_10_15_x86_64.whl", hash = "sha256:94e348c72a1fd1f8191f25ea056448e4f5a87b8fbf005b39d290dcb0581a48cd"},
    {file = "fastrlock-0.8.2-cp27-cp27m-manylinux_2_5_i686.manylinux1_i686.whl", hash = "sha256:2d5595903444c854b99c42122b87edfe8a37cd698a4eae32f4fd1d2a7b6c115d"},
    {file = "fastrlock-0.8.2-cp27-cp27m-manylinux_2_5_x86_64.manylinux1_x86_64.whl", hash = "sha256:e4bbde174a0aff5f6eeba75cf8c4c5d2a316316bc21f03a0bddca0fc3659a6f3"},
    {file = "fastrlock-0.8.2-cp27-cp27mu-manylinux_2_5_i686.manylinux1_i686.whl", hash = "sha256:7a2ccaf88ac0db153e84305d1ef0aa138cea82c6a88309066f6eaa3bc98636cd"},
    {file = "fastrlock-0.8.2-cp27-cp27mu-manylinux_2_5_x86_64.manylinux1_x86_64.whl", hash = "sha256:31a27a2edf482df72b91fe6c6438314d2c65290aa7becc55589d156c9b91f0da"},
    {file = "fastrlock-0.8.2-cp310-cp310-macosx_11_0_x86_64.whl", hash = "sha256:e9904b5b37c3e5bb4a245c56bc4b7e497da57ffb8528f4fc39af9dcb168ee2e1"},
    {file = "fastrlock-0.8.2-cp310-cp310-manylinux_2_17_aarch64.manylinux2014_aarch64.manylinux_2_24_aarch64.whl", hash = "sha256:43a241655e83e4603a152192cf022d5ca348c2f4e56dfb02e5c9c4c1a32f9cdb"},
    {file = "fastrlock-0.8.2-cp310-cp310-manylinux_2_17_aarch64.manylinux2014_aarch64.manylinux_2_28_aarch64.whl", hash = "sha256:9121a894d74e65557e47e777060a495ab85f4b903e80dd73a3c940ba042920d7"},
    {file = "fastrlock-0.8.2-cp310-cp310-manylinux_2_5_i686.manylinux1_i686.manylinux_2_24_i686.whl", hash = "sha256:11bbbbc526363955aeddb9eec4cee2a0012322b7b2f15b54f44454fcf4fd398a"},
    {file = "fastrlock-0.8.2-cp310-cp310-manylinux_2_5_x86_64.manylinux1_x86_64.manylinux_2_24_x86_64.whl", hash = "sha256:27786c62a400e282756ae1b090bcd7cfa35f28270cff65a9e7b27a5327a32561"},
    {file = "fastrlock-0.8.2-cp310-cp310-manylinux_2_5_x86_64.manylinux1_x86_64.manylinux_2_28_x86_64.whl", hash = "sha256:08315bde19d0c2e6b06593d5a418be3dc8f9b1ee721afa96867b9853fceb45cf"},
    {file = "fastrlock-0.8.2-cp310-cp310-musllinux_1_1_aarch64.whl", hash = "sha256:e8b49b5743ede51e0bcf6805741f39f5e0e0fd6a172ba460cb39e3097ba803bb"},
    {file = "fastrlock-0.8.2-cp310-cp310-musllinux_1_1_x86_64.whl", hash = "sha256:b443e73a4dfc7b6e0800ea4c13567b9694358e86f53bb2612a51c9e727cac67b"},
    {file = "fastrlock-0.8.2-cp310-cp310-win_amd64.whl", hash = "sha256:b3853ed4ce522598dc886160a7bab432a093051af85891fa2f5577c1dcac8ed6"},
    {file = "fastrlock-0.8.2-cp311-cp311-macosx_10_15_universal2.whl", hash = "sha256:790fc19bccbd39426060047e53629f171a44745613bf360a045e9f9c8c4a2cea"},
    {file = "fastrlock-0.8.2-cp311-cp311-manylinux_2_17_aarch64.manylinux2014_aarch64.manylinux_2_24_aarch64.whl", hash = "sha256:dbdce852e6bb66e1b8c36679d482971d69d93acf1785657522e51b7de30c3356"},
    {file = "fastrlock-0.8.2-cp311-cp311-manylinux_2_17_aarch64.manylinux2014_aarch64.manylinux_2_28_aarch64.whl", hash = "sha256:d47713ffe6d4a627fbf078be9836a95ac106b4a0543e3841572c91e292a5d885"},
    {file = "fastrlock-0.8.2-cp311-cp311-manylinux_2_5_i686.manylinux1_i686.manylinux_2_24_i686.whl", hash = "sha256:ea96503b918fceaf40443182742b8964d47b65c5ebdea532893cb9479620000c"},
    {file = "fastrlock-0.8.2-cp311-cp311-manylinux_2_5_x86_64.manylinux1_x86_64.manylinux_2_24_x86_64.whl", hash = "sha256:c6bffa978793bea5e1b00e677062e53a62255439339591b70e209fa1552d5ee0"},
    {file = "fastrlock-0.8.2-cp311-cp311-manylinux_2_5_x86_64.manylinux1_x86_64.manylinux_2_28_x86_64.whl", hash = "sha256:75c07726c8b1a52147fd7987d6baaa318c5dced1416c3f25593e40f56e10755b"},
    {file = "fastrlock-0.8.2-cp311-cp311-musllinux_1_1_aarch64.whl", hash = "sha256:88f079335e9da631efa64486c8207564a7bcd0c00526bb9e842e9d5b7e50a6cc"},
    {file = "fastrlock-0.8.2-cp311-cp311-musllinux_1_1_x86_64.whl", hash = "sha256:4fb2e77ff04bc4beb71d63c8e064f052ce5a6ea1e001d528d4d7f4b37d736f2e"},
    {file = "fastrlock-0.8.2-cp311-cp311-win_amd64.whl", hash = "sha256:b4c9083ea89ab236b06e9ef2263971db3b4b507195fc7d5eecab95828dcae325"},
    {file = "fastrlock-0.8.2-cp312-cp312-macosx_10_15_universal2.whl", hash = "sha256:98195866d3a9949915935d40a88e4f1c166e82e378f622c88025f2938624a90a"},
    {file = "fastrlock-0.8.2-cp312-cp312-manylinux_2_17_aarch64.manylinux2014_aarch64.manylinux_2_28_aarch64.whl", hash = "sha256:b22ea9bf5f9fad2b0077e944a7813f91593a4f61adf8faf734a70aed3f2b3a40"},
    {file = "fastrlock-0.8.2-cp312-cp312-manylinux_2_5_x86_64.manylinux1_x86_64.manylinux_2_28_x86_64.whl", hash = "sha256:dcc1bf0ac8a194313cf6e645e300a8a379674ceed8e0b1e910a2de3e3c28989e"},
    {file = "fastrlock-0.8.2-cp312-cp312-musllinux_1_1_aarch64.whl", hash = "sha256:a3dcc876050b8f5cbc0ee84ef1e7f0c1dfe7c148f10098828bc4403683c33f10"},
    {file = "fastrlock-0.8.2-cp312-cp312-musllinux_1_1_x86_64.whl", hash = "sha256:685e656048b59d8dfde8c601f188ad53a4d719eb97080cafc8696cda6d75865e"},
    {file = "fastrlock-0.8.2-cp312-cp312-win_amd64.whl", hash = "sha256:fb5363cf0fddd9b50525ddbf64a1e1b28ec4c6dfb28670a940cb1cf988a6786b"},
    {file = "fastrlock-0.8.2-cp35-cp35m-macosx_10_15_x86_64.whl", hash = "sha256:a74f5a92fa6e51c4f3c69b29c4662088b97be12f40652a21109605a175c81824"},
    {file = "fastrlock-0.8.2-cp35-cp35m-manylinux_2_5_i686.manylinux1_i686.whl", hash = "sha256:ccf39ad5702e33e4d335b48ef9d56e21619b529b7f7471b5211419f380329b62"},
    {file = "fastrlock-0.8.2-cp35-cp35m-manylinux_2_5_x86_64.manylinux1_x86_64.whl", hash = "sha256:66f2662c640bb71a1016a031eea6eef9d25c2bcdf7ffd1d1ddc5a58f9a1ced04"},
    {file = "fastrlock-0.8.2-cp36-cp36m-macosx_10_15_x86_64.whl", hash = "sha256:17734e2e5af4c07ddb0fb10bd484e062c22de3be6b67940b9cc6ec2f18fa61ba"},
    {file = "fastrlock-0.8.2-cp36-cp36m-manylinux_2_17_aarch64.manylinux2014_aarch64.manylinux_2_24_aarch64.whl", hash = "sha256:ab91b0c36e95d42e1041a4907e3eefd06c482d53af3c7a77be7e214cc7cd4a63"},
    {file = "fastrlock-0.8.2-cp36-cp36m-manylinux_2_17_aarch64.manylinux2014_aarch64.manylinux_2_28_aarch64.whl", hash = "sha256:b32fdf874868326351a75b1e4c02f97e802147119ae44c52d3d9da193ec34f5b"},
    {file = "fastrlock-0.8.2-cp36-cp36m-manylinux_2_5_i686.manylinux1_i686.manylinux_2_24_i686.whl", hash = "sha256:2074548a335fcf7d19ebb18d9208da9e33b06f745754466a7e001d2b1c58dd19"},
    {file = "fastrlock-0.8.2-cp36-cp36m-manylinux_2_5_i686.manylinux1_i686.whl", hash = "sha256:4fb04442b6d1e2b36c774919c6bcbe3339c61b337261d4bd57e27932589095af"},
    {file = "fastrlock-0.8.2-cp36-cp36m-manylinux_2_5_x86_64.manylinux1_x86_64.manylinux_2_24_x86_64.whl", hash = "sha256:1fed2f4797ad68e9982038423018cf08bec5f4ce9fed63a94a790773ed6a795c"},
    {file = "fastrlock-0.8.2-cp36-cp36m-manylinux_2_5_x86_64.manylinux1_x86_64.manylinux_2_28_x86_64.whl", hash = "sha256:e380ec4e6d8b26e389713995a43cb7fe56baea2d25fe073d4998c4821a026211"},
    {file = "fastrlock-0.8.2-cp36-cp36m-manylinux_2_5_x86_64.manylinux1_x86_64.whl", hash = "sha256:25945f962c7bd808415cfde3da624d4399d4ea71ed8918538375f16bceb79e1c"},
    {file = "fastrlock-0.8.2-cp36-cp36m-musllinux_1_1_aarch64.whl", hash = "sha256:2c1719ddc8218b01e82fb2e82e8451bd65076cb96d7bef4477194bbb4305a968"},
    {file = "fastrlock-0.8.2-cp36-cp36m-musllinux_1_1_x86_64.whl", hash = "sha256:5460c5ee6ced6d61ec8cd2324ebbe793a4960c4ffa2131ffff480e3b61c99ec5"},
    {file = "fastrlock-0.8.2-cp36-cp36m-win_amd64.whl", hash = "sha256:33145acbad8317584cd64588131c7e1e286beef6280c0009b4544c91fce171d2"},
    {file = "fastrlock-0.8.2-cp37-cp37m-manylinux_2_17_aarch64.manylinux2014_aarch64.manylinux_2_24_aarch64.whl", hash = "sha256:59344c1d46b7dec97d3f22f1cc930fafe8980b3c5bc9c9765c56738a5f1559e4"},
    {file = "fastrlock-0.8.2-cp37-cp37m-manylinux_2_17_aarch64.manylinux2014_aarch64.manylinux_2_28_aarch64.whl", hash = "sha256:b2a1c354f13f22b737621d914f3b4a8434ae69d3027a775e94b3e671756112f9"},
    {file = "fastrlock-0.8.2-cp37-cp37m-manylinux_2_5_i686.manylinux1_i686.manylinux_2_24_i686.whl", hash = "sha256:cf81e0278b645004388873e0a1f9e3bc4c9ab8c18e377b14ed1a544be4b18c9a"},
    {file = "fastrlock-0.8.2-cp37-cp37m-manylinux_2_5_i686.manylinux1_i686.whl", hash = "sha256:1b15430b93d7eb3d56f6ff690d2ebecb79ed0e58248427717eba150a508d1cd7"},
    {file = "fastrlock-0.8.2-cp37-cp37m-manylinux_2_5_x86_64.manylinux1_x86_64.manylinux_2_24_x86_64.whl", hash = "sha256:067edb0a0805bf61e17a251d5046af59f6e9d2b8ad01222e0ef7a0b7937d5548"},
    {file = "fastrlock-0.8.2-cp37-cp37m-manylinux_2_5_x86_64.manylinux1_x86_64.manylinux_2_28_x86_64.whl", hash = "sha256:eb31fe390f03f7ae886dcc374f1099ec88526631a4cb891d399b68181f154ff0"},
    {file = "fastrlock-0.8.2-cp37-cp37m-manylinux_2_5_x86_64.manylinux1_x86_64.whl", hash = "sha256:643e1e65b4f5b284427e61a894d876d10459820e93aa1e724dfb415117be24e0"},
    {file = "fastrlock-0.8.2-cp37-cp37m-musllinux_1_1_aarch64.whl", hash = "sha256:5dfb78dd600a12f23fc0c3ec58f81336229fdc74501ecf378d1ce5b3f2f313ea"},
    {file = "fastrlock-0.8.2-cp37-cp37m-musllinux_1_1_x86_64.whl", hash = "sha256:b8ca0fe21458457077e4cb2d81e1ebdb146a00b3e9e2db6180a773f7ea905032"},
    {file = "fastrlock-0.8.2-cp37-cp37m-win_amd64.whl", hash = "sha256:d918dfe473291e8bfd8e13223ea5cb9b317bd9f50c280923776c377f7c64b428"},
    {file = "fastrlock-0.8.2-cp38-cp38-manylinux_2_17_aarch64.manylinux2014_aarch64.manylinux_2_24_aarch64.whl", hash = "sha256:c393af77c659a38bffbca215c0bcc8629ba4299568308dd7e4ff65d62cabed39"},
    {file = "fastrlock-0.8.2-cp38-cp38-manylinux_2_17_aarch64.manylinux2014_aarch64.manylinux_2_28_aarch64.whl", hash = "sha256:73426f5eb2ecc10626c67cf86bd0af9e00d53e80e5c67d5ce8e18376d6abfa09"},
    {file = "fastrlock-0.8.2-cp38-cp38-manylinux_2_5_i686.manylinux1_i686.manylinux_2_24_i686.whl", hash = "sha256:320fd55bafee3eb069cfb5d6491f811a912758387ef2193840e2663e80e16f48"},
    {file = "fastrlock-0.8.2-cp38-cp38-manylinux_2_5_i686.manylinux1_i686.whl", hash = "sha256:8c1c91a68926421f5ccbc82c85f83bd3ba593b121a46a1b9a554b3f0dd67a4bf"},
    {file = "fastrlock-0.8.2-cp38-cp38-manylinux_2_5_x86_64.manylinux1_x86_64.manylinux_2_24_x86_64.whl", hash = "sha256:ad1bc61c7f6b0e58106aaab034916b6cb041757f708b07fbcdd9d6e1ac629225"},
    {file = "fastrlock-0.8.2-cp38-cp38-manylinux_2_5_x86_64.manylinux1_x86_64.manylinux_2_28_x86_64.whl", hash = "sha256:87f4e01b042c84e6090dbc4fbe3415ddd69f6bc0130382323f9d3f1b8dd71b46"},
    {file = "fastrlock-0.8.2-cp38-cp38-manylinux_2_5_x86_64.manylinux1_x86_64.whl", hash = "sha256:d34546ad2e4a480b94b6797bcc5a322b3c705c4c74c3e4e545c4a3841c1b2d59"},
    {file = "fastrlock-0.8.2-cp38-cp38-musllinux_1_1_aarch64.whl", hash = "sha256:ebb32d776b61acd49f859a1d16b9e3d84e7b46d0d92aebd58acd54dc38e96664"},
    {file = "fastrlock-0.8.2-cp38-cp38-musllinux_1_1_x86_64.whl", hash = "sha256:30bdbe4662992348132d03996700e1cf910d141d629179b967b146a22942264e"},
    {file = "fastrlock-0.8.2-cp38-cp38-win_amd64.whl", hash = "sha256:07ed3c7b3867c05a3d6be4ced200c7767000f3431b9be6da66972822dd86e8be"},
    {file = "fastrlock-0.8.2-cp39-cp39-macosx_11_0_x86_64.whl", hash = "sha256:ddf5d247f686aec853ddcc9a1234bfcc6f57b0a0670d2ad82fc25d8ae7e6a15f"},
    {file = "fastrlock-0.8.2-cp39-cp39-manylinux_2_17_aarch64.manylinux2014_aarch64.manylinux_2_24_aarch64.whl", hash = "sha256:7269bb3fc15587b0c191eecd95831d771a7d80f0c48929e560806b038ff3066c"},
    {file = "fastrlock-0.8.2-cp39-cp39-manylinux_2_17_aarch64.manylinux2014_aarch64.manylinux_2_28_aarch64.whl", hash = "sha256:adcb9e77aa132cc6c9de2ffe7cf880a20aa8cdba21d367d1da1a412f57bddd5d"},
    {file = "fastrlock-0.8.2-cp39-cp39-manylinux_2_5_i686.manylinux1_i686.manylinux_2_24_i686.whl", hash = "sha256:a3b8b5d2935403f1b4b25ae324560e94b59593a38c0d2e7b6c9872126a9622ed"},
    {file = "fastrlock-0.8.2-cp39-cp39-manylinux_2_5_i686.manylinux1_i686.whl", hash = "sha256:2587cedbb36c7988e707d83f0f1175c1f882f362b5ebbee25d70218ea33d220d"},
    {file = "fastrlock-0.8.2-cp39-cp39-manylinux_2_5_x86_64.manylinux1_x86_64.manylinux_2_24_x86_64.whl", hash = "sha256:9af691a9861027181d4de07ed74f0aee12a9650ac60d0a07f4320bff84b5d95f"},
    {file = "fastrlock-0.8.2-cp39-cp39-manylinux_2_5_x86_64.manylinux1_x86_64.manylinux_2_28_x86_64.whl", hash = "sha256:99dd6652bd6f730beadf74ef769d38c6bbd8ee6d1c15c8d138ea680b0594387f"},
    {file = "fastrlock-0.8.2-cp39-cp39-manylinux_2_5_x86_64.manylinux1_x86_64.whl", hash = "sha256:4d63b6596368dab9e0cc66bf047e7182a56f33b34db141816a4f21f5bf958228"},
    {file = "fastrlock-0.8.2-cp39-cp39-musllinux_1_1_aarch64.whl", hash = "sha256:ff75c90663d6e8996610d435e71487daa853871ad1770dd83dc0f2fc4997241e"},
    {file = "fastrlock-0.8.2-cp39-cp39-musllinux_1_1_x86_64.whl", hash = "sha256:e27c3cd27fbd25e5223c5c992b300cd4ee8f0a75c6f222ce65838138d853712c"},
    {file = "fastrlock-0.8.2-cp39-cp39-win_amd64.whl", hash = "sha256:dd961a32a7182c3891cdebca417fda67496d5d5de6ae636962254d22723bdf52"},
    {file = "fastrlock-0.8.2.tar.gz", hash = "sha256:644ec9215cf9c4df8028d8511379a15d9c1af3e16d80e47f1b6fdc6ba118356a"},
]

[[package]]
name = "numpy"
version = "2.1.3"
description = "Fundamental package for array computing in Python"
optional = false
python-versions = ">=3.10"
files = [
    {file = "numpy-2.1.3-cp310-cp310-macosx_10_9_x86_64.whl", hash = "sha256:c894b4305373b9c5576d7a12b473702afdf48ce5369c074ba304cc5ad8730dff"},
    {file = "numpy-2.1.3-cp310-cp310-macosx_11_0_arm64.whl", hash = "sha256:b47fbb433d3260adcd51eb54f92a2ffbc90a4595f8970ee00e064c644ac788f5"},
    {file = "numpy-2.1.3-cp310-cp310-macosx_14_0_arm64.whl", hash = "sha256:825656d0743699c529c5943554d223c021ff0494ff1442152ce887ef4f7561a1"},
    {file = "numpy-2.1.3-cp310-cp310-macosx_14_0_x86_64.whl", hash = "sha256:6a4825252fcc430a182ac4dee5a505053d262c807f8a924603d411f6718b88fd"},
    {file = "numpy-2.1.3-cp310-cp310-manylinux_2_17_aarch64.manylinux2014_aarch64.whl", hash = "sha256:e711e02f49e176a01d0349d82cb5f05ba4db7d5e7e0defd026328e5cfb3226d3"},
    {file = "numpy-2.1.3-cp310-cp310-manylinux_2_17_x86_64.manylinux2014_x86_64.whl", hash = "sha256:78574ac2d1a4a02421f25da9559850d59457bac82f2b8d7a44fe83a64f770098"},
    {file = "numpy-2.1.3-cp310-cp310-musllinux_1_1_x86_64.whl", hash = "sha256:c7662f0e3673fe4e832fe07b65c50342ea27d989f92c80355658c7f888fcc83c"},
    {file = "numpy-2.1.3-cp310-cp310-musllinux_1_2_aarch64.whl", hash = "sha256:fa2d1337dc61c8dc417fbccf20f6d1e139896a30721b7f1e832b2bb6ef4eb6c4"},
    {file = "numpy-2.1.3-cp310-cp310-win32.whl", hash = "sha256:72dcc4a35a8515d83e76b58fdf8113a5c969ccd505c8a946759b24e3182d1f23"},
    {file = "numpy-2.1.3-cp310-cp310-win_amd64.whl", hash = "sha256:ecc76a9ba2911d8d37ac01de72834d8849e55473457558e12995f4cd53e778e0"},
    {file = "numpy-2.1.3-cp311-cp311-macosx_10_9_x86_64.whl", hash = "sha256:4d1167c53b93f1f5d8a139a742b3c6f4d429b54e74e6b57d0eff40045187b15d"},
    {file = "numpy-2.1.3-cp311-cp311-macosx_11_0_arm64.whl", hash = "sha256:c80e4a09b3d95b4e1cac08643f1152fa71a0a821a2d4277334c88d54b2219a41"},
    {file = "numpy-2.1.3-cp311-cp311-macosx_14_0_arm64.whl", hash = "sha256:576a1c1d25e9e02ed7fa5477f30a127fe56debd53b8d2c89d5578f9857d03ca9"},
    {file = "numpy-2.1.3-cp311-cp311-macosx_14_0_x86_64.whl", hash = "sha256:973faafebaae4c0aaa1a1ca1ce02434554d67e628b8d805e61f874b84e136b09"},
    {file = "numpy-2.1.3-cp311-cp311-manylinux_2_17_aarch64.manylinux2014_aarch64.whl", hash = "sha256:762479be47a4863e261a840e8e01608d124ee1361e48b96916f38b119cfda04a"},
    {file = "numpy-2.1.3-cp311-cp311-manylinux_2_17_x86_64.manylinux2014_x86_64.whl", hash = "sha256:bc6f24b3d1ecc1eebfbf5d6051faa49af40b03be1aaa781ebdadcbc090b4539b"},
    {file = "numpy-2.1.3-cp311-cp311-musllinux_1_1_x86_64.whl", hash = "sha256:17ee83a1f4fef3c94d16dc1802b998668b5419362c8a4f4e8a491de1b41cc3ee"},
    {file = "numpy-2.1.3-cp311-cp311-musllinux_1_2_aarch64.whl", hash = "sha256:15cb89f39fa6d0bdfb600ea24b250e5f1a3df23f901f51c8debaa6a5d122b2f0"},
    {file = "numpy-2.1.3-cp311-cp311-win32.whl", hash = "sha256:d9beb777a78c331580705326d2367488d5bc473b49a9bc3036c154832520aca9"},
    {file = "numpy-2.1.3-cp311-cp311-win_amd64.whl", hash = "sha256:d89dd2b6da69c4fff5e39c28a382199ddedc3a5be5390115608345dec660b9e2"},
    {file = "numpy-2.1.3-cp312-cp312-macosx_10_13_x86_64.whl", hash = "sha256:f55ba01150f52b1027829b50d70ef1dafd9821ea82905b63936668403c3b471e"},
    {file = "numpy-2.1.3-cp312-cp312-macosx_11_0_arm64.whl", hash = "sha256:13138eadd4f4da03074851a698ffa7e405f41a0845a6b1ad135b81596e4e9958"},
    {file = "numpy-2.1.3-cp312-cp312-macosx_14_0_arm64.whl", hash = "sha256:a6b46587b14b888e95e4a24d7b13ae91fa22386c199ee7b418f449032b2fa3b8"},
    {file = "numpy-2.1.3-cp312-cp312-macosx_14_0_x86_64.whl", hash = "sha256:0fa14563cc46422e99daef53d725d0c326e99e468a9320a240affffe87852564"},
    {file = "numpy-2.1.3-cp312-cp312-manylinux_2_17_aarch64.manylinux2014_aarch64.whl", hash = "sha256:8637dcd2caa676e475503d1f8fdb327bc495554e10838019651b76d17b98e512"},
    {file = "numpy-2.1.3-cp312-cp312-manylinux_2_17_x86_64.manylinux2014_x86_64.whl", hash = "sha256:2312b2aa89e1f43ecea6da6ea9a810d06aae08321609d8dc0d0eda6d946a541b"},
    {file = "numpy-2.1.3-cp312-cp312-musllinux_1_1_x86_64.whl", hash = "sha256:a38c19106902bb19351b83802531fea19dee18e5b37b36454f27f11ff956f7fc"},
    {file = "numpy-2.1.3-cp312-cp312-musllinux_1_2_aarch64.whl", hash = "sha256:02135ade8b8a84011cbb67dc44e07c58f28575cf9ecf8ab304e51c05528c19f0"},
    {file = "numpy-2.1.3-cp312-cp312-win32.whl", hash = "sha256:e6988e90fcf617da2b5c78902fe8e668361b43b4fe26dbf2d7b0f8034d4cafb9"},
    {file = "numpy-2.1.3-cp312-cp312-win_amd64.whl", hash = "sha256:0d30c543f02e84e92c4b1f415b7c6b5326cbe45ee7882b6b77db7195fb971e3a"},
    {file = "numpy-2.1.3-cp313-cp313-macosx_10_13_x86_64.whl", hash = "sha256:96fe52fcdb9345b7cd82ecd34547fca4321f7656d500eca497eb7ea5a926692f"},
    {file = "numpy-2.1.3-cp313-cp313-macosx_11_0_arm64.whl", hash = "sha256:f653490b33e9c3a4c1c01d41bc2aef08f9475af51146e4a7710c450cf9761598"},
    {file = "numpy-2.1.3-cp313-cp313-macosx_14_0_arm64.whl", hash = "sha256:dc258a761a16daa791081d026f0ed4399b582712e6fc887a95af09df10c5ca57"},
    {file = "numpy-2.1.3-cp313-cp313-macosx_14_0_x86_64.whl", hash = "sha256:016d0f6f5e77b0f0d45d77387ffa4bb89816b57c835580c3ce8e099ef830befe"},
    {file = "numpy-2.1.3-cp313-cp313-manylinux_2_17_aarch64.manylinux2014_aarch64.whl", hash = "sha256:c181ba05ce8299c7aa3125c27b9c2167bca4a4445b7ce73d5febc411ca692e43"},
    {file = "numpy-2.1.3-cp313-cp313-manylinux_2_17_x86_64.manylinux2014_x86_64.whl", hash = "sha256:5641516794ca9e5f8a4d17bb45446998c6554704d888f86df9b200e66bdcce56"},
    {file = "numpy-2.1.3-cp313-cp313-musllinux_1_1_x86_64.whl", hash = "sha256:ea4dedd6e394a9c180b33c2c872b92f7ce0f8e7ad93e9585312b0c5a04777a4a"},
    {file = "numpy-2.1.3-cp313-cp313-musllinux_1_2_aarch64.whl", hash = "sha256:b0df3635b9c8ef48bd3be5f862cf71b0a4716fa0e702155c45067c6b711ddcef"},
    {file = "numpy-2.1.3-cp313-cp313-win32.whl", hash = "sha256:50ca6aba6e163363f132b5c101ba078b8cbd3fa92c7865fd7d4d62d9779ac29f"},
    {file = "numpy-2.1.3-cp313-cp313-win_amd64.whl", hash = "sha256:747641635d3d44bcb380d950679462fae44f54b131be347d5ec2bce47d3df9ed"},
    {file = "numpy-2.1.3-cp313-cp313t-macosx_10_13_x86_64.whl", hash = "sha256:996bb9399059c5b82f76b53ff8bb686069c05acc94656bb259b1d63d04a9506f"},
    {file = "numpy-2.1.3-cp313-cp313t-macosx_11_0_arm64.whl", hash = "sha256:45966d859916ad02b779706bb43b954281db43e185015df6eb3323120188f9e4"},
    {file = "numpy-2.1.3-cp313-cp313t-macosx_14_0_arm64.whl", hash = "sha256:baed7e8d7481bfe0874b566850cb0b85243e982388b7b23348c6db2ee2b2ae8e"},
    {file = "numpy-2.1.3-cp313-cp313t-macosx_14_0_x86_64.whl", hash = "sha256:a9f7f672a3388133335589cfca93ed468509cb7b93ba3105fce780d04a6576a0"},
    {file = "numpy-2.1.3-cp313-cp313t-manylinux_2_17_aarch64.manylinux2014_aarch64.whl", hash = "sha256:d7aac50327da5d208db2eec22eb11e491e3fe13d22653dce51b0f4109101b408"},
    {file = "numpy-2.1.3-cp313-cp313t-manylinux_2_17_x86_64.manylinux2014_x86_64.whl", hash = "sha256:4394bc0dbd074b7f9b52024832d16e019decebf86caf909d94f6b3f77a8ee3b6"},
    {file = "numpy-2.1.3-cp313-cp313t-musllinux_1_1_x86_64.whl", hash = "sha256:50d18c4358a0a8a53f12a8ba9d772ab2d460321e6a93d6064fc22443d189853f"},
    {file = "numpy-2.1.3-cp313-cp313t-musllinux_1_2_aarch64.whl", hash = "sha256:14e253bd43fc6b37af4921b10f6add6925878a42a0c5fe83daee390bca80bc17"},
    {file = "numpy-2.1.3-cp313-cp313t-win32.whl", hash = "sha256:08788d27a5fd867a663f6fc753fd7c3ad7e92747efc73c53bca2f19f8bc06f48"},
    {file = "numpy-2.1.3-cp313-cp313t-win_amd64.whl", hash = "sha256:2564fbdf2b99b3f815f2107c1bbc93e2de8ee655a69c261363a1172a79a257d4"},
    {file = "numpy-2.1.3-pp310-pypy310_pp73-macosx_10_15_x86_64.whl", hash = "sha256:4f2015dfe437dfebbfce7c85c7b53d81ba49e71ba7eadbf1df40c915af75979f"},
    {file = "numpy-2.1.3-pp310-pypy310_pp73-macosx_14_0_x86_64.whl", hash = "sha256:3522b0dfe983a575e6a9ab3a4a4dfe156c3e428468ff08ce582b9bb6bd1d71d4"},
    {file = "numpy-2.1.3-pp310-pypy310_pp73-manylinux_2_17_x86_64.manylinux2014_x86_64.whl", hash = "sha256:c006b607a865b07cd981ccb218a04fc86b600411d83d6fc261357f1c0966755d"},
    {file = "numpy-2.1.3-pp310-pypy310_pp73-win_amd64.whl", hash = "sha256:e14e26956e6f1696070788252dcdff11b4aca4c3e8bd166e0df1bb8f315a67cb"},
    {file = "numpy-2.1.3.tar.gz", hash = "sha256:aa08e04e08aaf974d4458def539dece0d28146d866a39da5639596f4921fd761"},
]

[metadata]
lock-version = "2.0"
python-versions = "3.12.7"
content-hash = "e0ebea00b6bb9da40828ebcf480cc0633b2c8832db9f54af2591ac5924a65037"
